{
    "_readme": [
        "This file locks the dependencies of your project to a known state",
        "Read more about it at https://getcomposer.org/doc/01-basic-usage.md#installing-dependencies",
        "This file is @generated automatically"
    ],
    "content-hash": "a6c65b20de7e9f1bb69fb64b43ffe77d",
    "packages": [
        {
            "name": "jtgraham38/jgwordpressblockstyle",
            "version": "0.1.2",
            "source": {
                "type": "git",
                "url": "git@github.com:jtgraham38/JGWPBlockStyles.git",
                "reference": "3173a2b827a88b7736ae93143d5ec80237c9f978"
            },
            "dist": {
                "type": "tar",
                "url": "http://php.jacob-t-graham.com/dist/jtgraham38/jgwordpressblockstyle/jtgraham38-jgwordpressblockstyle-3173a2b827a88b7736ae93143d5ec80237c9f978-zip-06a1e0.tar",
                "reference": "3173a2b827a88b7736ae93143d5ec80237c9f978",
                "shasum": "28513896767b0241abb62e7b23e83e4e416f382e"
            },
            "require-dev": {
                "phpunit/phpunit": "^10.5"
            },
            "type": "library",
            "autoload": {
                "psr-4": {
                    "jtgraham38\\jgwordpressstyle\\": "src/",
                    "jtgraham38\\jgwordpressstyle\\styles\\": "src/styles/"
                }
            },
            "license": [
                "GPLv3"
            ],
            "authors": [
                {
                    "name": "Jacob Graham",
                    "email": "jtgraham38@gmail.com"
                }
            ],
            "description": "A set of utility functions for extracting style values from a block's attributes object.",
            "time": "2025-05-14T18:58:24+00:00"
        },
        {
            "name": "jtgraham38/jgwordpresskit",
            "version": "1.1.0",
            "source": {
                "type": "git",
                "url": "git@github.com:jtgraham38/JGWordPressKit.git",
                "reference": "7a14c894d5012be6b86c3064778712f4caf99bb9"
            },
            "dist": {
                "type": "tar",
                "url": "http://php.jacob-t-graham.com/dist/jtgraham38/jgwordpresskit/jtgraham38-jgwordpresskit-7a14c894d5012be6b86c3064778712f4caf99bb9-zip-2d577d.tar",
                "reference": "7a14c894d5012be6b86c3064778712f4caf99bb9",
                "shasum": "6d33835fc38607225f0d1cb7cfd3f8b6ea71fa27"
            },
            "require": {
                "php": ">=7.3"
            },
            "type": "library",
            "autoload": {
                "psr-4": {
                    "jtgraham38\\jgwordpresskit\\": "src/"
                }
            },
            "license": [
                "GPLv3"
            ],
            "authors": [
                {
                    "name": "Jacob Graham",
                    "email": "jtgraham38@gmail.com"
                }
            ],
            "description": "A very simple, modular framework for developing WordPress plugins.",
            "time": "2024-08-07T15:26:23+00:00"
        },
        {
            "name": "jtgraham38/wpvectordb",
            "version": "0.1.1",
            "source": {
                "type": "git",
                "url": "git@github.com:jtgraham38/WPVectorDb.git",
                "reference": "813fb64ed7523cb25f3c9ba97f3b38cbe006b0ec"
            },
            "dist": {
                "type": "tar",
                "url": "http://php.jacob-t-graham.com/dist/jtgraham38/wpvectordb/jtgraham38-wpvectordb-813fb64ed7523cb25f3c9ba97f3b38cbe006b0ec-zip-b47409.tar",
                "reference": "813fb64ed7523cb25f3c9ba97f3b38cbe006b0ec",
                "shasum": "01d26405f3c712c3baf16e204c02eaf7d899c5b6"
            },
            "require": {
                "php": ">=7.3"
            },
            "type": "library",
            "autoload": {
                "psr-4": {
                    "jtgraham38\\wpvectordb\\": "src/"
                }
            },
            "license": [
                "GPLv3"
            ],
            "authors": [
                {
                    "name": "Jacob Graham",
                    "email": "jtgraham38@gmail.com"
                }
            ],
            "description": "Utitlities for managing a vector database in MySQL for use within WordPress plugins.",
            "time": "2025-06-19T14:56:32+00:00"
        },
        {
            "name": "nlp-tools/nlp-tools",
            "version": "v0.1.3",
            "source": {
                "type": "git",
                "url": "https://github.com/angeloskath/php-nlp-tools.git",
                "reference": "bbccab0f3ca7277bdf7b292ba67ca644efd0cefe"
            },
            "dist": {
                "type": "zip",
                "url": "https://api.github.com/repos/angeloskath/php-nlp-tools/zipball/bbccab0f3ca7277bdf7b292ba67ca644efd0cefe",
                "reference": "bbccab0f3ca7277bdf7b292ba67ca644efd0cefe",
                "shasum": ""
            },
            "require": {
                "php": ">=5.3"
            },
            "type": "library",
            "extra": {
                "branch-alias": {
                    "dev-master": "1.0.x-dev"
                }
            },
            "autoload": {
                "psr-0": {
                    "NlpTools\\": "src/"
                }
            },
            "notification-url": "https://packagist.org/downloads/",
            "license": [
                "WTFPL"
            ],
            "authors": [
                {
                    "name": "Angelos Katharopoulos",
                    "email": "angelos@yourse.gr"
                }
            ],
            "description": "NlpTools is a set of php 5.3+ classes for beginner to semi advanced natural language processing work.",
            "keywords": [
                "machine learning",
                "nlp"
            ],
            "support": {
                "issues": "https://github.com/angeloskath/php-nlp-tools/issues",
                "source": "https://github.com/angeloskath/php-nlp-tools/tree/master"
            },
            "time": "2016-11-03T15:34:42+00:00"
        }
    ],
    "packages-dev": [],
    "aliases": [],
    "minimum-stability": "stable",
    "stability-flags": [],
    "prefer-stable": false,
    "prefer-lowest": false,
    "platform": [],
    "platform-dev": [],
    "plugin-api-version": "2.2.0"
}
