{
    "_readme": [
        "This file locks the dependencies of your project to a known state",
        "Read more about it at https://getcomposer.org/doc/01-basic-usage.md#installing-dependencies",
        "This file is @generated automatically"
    ],
    "content-hash": "dd66afeeabb349a307ffec43305baf08",
    "packages": [
        {
            "name": "jtgraham38/jgwordpresskit",
            "version": "1.1.0",
            "source": {
                "type": "git",
                "url": "https://github.com/jtgraham38/JGWordPressKit.git",
                "reference": "7a14c894d5012be6b86c3064778712f4caf99bb9"
            },
            "dist": {
                "type": "tar",
                "url": "http://php.jacob-t-graham.com/dist/jtgraham38/jgwordpresskit/jtgraham38-jgwordpresskit-7a14c894d5012be6b86c3064778712f4caf99bb9-zip-2d577d.tar",
                "reference": "7a14c894d5012be6b86c3064778712f4caf99bb9",
                "shasum": "6d33835fc38607225f0d1cb7cfd3f8b6ea71fa27"
            },
            "require": {
                "php": ">=7.3"
            },
            "type": "library",
            "autoload": {
                "psr-4": {
                    "jtgraham38\\jgwordpresskit\\": "src/"
                }
            },
            "license": [
                "GPLv3"
            ],
            "authors": [
                {
                    "name": "Jacob Graham",
                    "email": "jtgraham38@gmail.com"
                }
            ],
            "description": "A very simple, modular framework for developing WordPress plugins.",
            "support": {
                "source": "https://github.com/jtgraham38/JGWordPressKit/tree/1.1.0",
                "issues": "https://github.com/jtgraham38/JGWordPressKit/issues"
            },
            "time": "2024-08-07T15:26:23+00:00"
        }
    ],
    "packages-dev": [],
    "aliases": [],
    "minimum-stability": "stable",
    "stability-flags": [],
    "prefer-stable": false,
    "prefer-lowest": false,
    "platform": [],
    "platform-dev": [],
    "plugin-api-version": "2.2.0"
}
